Microsoft Visual Studio Solution File, Format Version 12.00
# Visual Studio 15
VisualStudioVersion = 15.0.27004.2009
MinimumVisualStudioVersion = 10.0.40219.1
Project("{FAE04EC0-301F-11D3-BF4B-00C04F79EFBC}") = "Connect to OData service", "Connect to OData service\Connect to OData service.csproj", "{FE5D87E9-5603-458E-8983-E1416E3ED6B2}"
EndProject
Global
	GlobalSection(SolutionConfigurationPlatforms) = preSolution
		Debug|Any CPU = Debug|Any CPU
		Release|Any CPU = Release|Any CPU
	EndGlobalSection
	GlobalSection(ProjectConfigurationPlatforms) = postSolution
		{FE5D87E9-5603-458E-8983-E1416E3ED6B2}.Debug|Any CPU.ActiveCfg = Debug|Any CPU
		{FE5D87E9-5603-458E-8983-E1416E3ED6B2}.Debug|Any CPU.Build.0 = Debug|Any CPU
		{FE5D87E9-5603-458E-8983-E1416E3ED6B2}.Release|Any CPU.ActiveCfg = Release|Any CPU
		{FE5D87E9-5603-458E-8983-E1416E3ED6B2}.Release|Any CPU.Build.0 = Release|Any CPU
	EndGlobalSection
	GlobalSection(SolutionProperties) = preSolution
		HideSolutionNode = FALSE
	EndGlobalSection
	GlobalSection(ExtensibilityGlobals) = postSolution
		SolutionGuid = {25529377-FDD9-4863-8484-77F80FE489A9}
	EndGlobalSection
EndGlobal
